Microsoft Visual Studio Solution File, Format Version 12.00
# Visual Studio Version 17
VisualStudioVersion = 17.3.32825.248
MinimumVisualStudioVersion = 10.0.40219.1
Project("{9A19103F-16F7-4668-BE54-9A1E7A4F7556}") = "PowerPlanSwitcher", "PowerPlanSwitcher\PowerPlanSwitcher.csproj", "{FA26A70B-B668-4868-A1F2-E2A8C4B2E42F}"
EndProject
Global
	GlobalSection(SolutionConfigurationPlatforms) = preSolution
		Debug|x64 = Debug|x64
		Release|x64 = Release|x64
	EndGlobalSection
	GlobalSection(ProjectConfigurationPlatforms) = postSolution
		{FA26A70B-B668-4868-A1F2-E2A8C4B2E42F}.Debug|x64.ActiveCfg = Debug|x64
		{FA26A70B-B668-4868-A1F2-E2A8C4B2E42F}.Debug|x64.Build.0 = Debug|x64
		{FA26A70B-B668-4868-A1F2-E2A8C4B2E42F}.Release|x64.ActiveCfg = Release|x64
		{FA26A70B-B668-4868-A1F2-E2A8C4B2E42F}.Release|x64.Build.0 = Release|x64
	EndGlobalSection
	GlobalSection(SolutionProperties) = preSolution
		HideSolutionNode = FALSE
	EndGlobalSection
	GlobalSection(ExtensibilityGlobals) = postSolution
		SolutionGuid = {C3A39D69-2146-49FF-BBE0-8905A5E3A6F5}
	EndGlobalSection
EndGlobal
